hash: 8b9f2dbc9870c6546fb11ab336ae1449acf3c063cf24e1529cb0d38e75b7118d
updated: 2017-11-17T14:08:15.534125871+01:00
imports:
- name: github.com/go-resty/resty
  version: 13d77a7f95fd8d1bad97c56bf1b8562633c2f01a
- name: golang.org/x/net
  version: 9dfe39835686865bff950a07b394c12a98ddc811
  subpackages:
  - publicsuffix
testImports: []
